github.com/davecgh/go-spew v1.1.1 h1:vj9j/u1bqnvCEfJOwUhtlOARqs3+rkHYY13jYWTU97c=
github.com/davecgh/go-spew v1.1.1/go.mod h1:J7Y8YcW2NihsgmVo/mv3lAwl/skON4iLHjSsI+c5H38=
github.com/umahmood/haversine v0.0.0-20151105152445-808ab04add26 h1:UFHFmFfixpmfRBcxuu+LA9l8MdURWVdVNUHxO5n1d2w=
github.com/umahmood/haversine v0.0.0-20151105152445-808ab04add26/go.mod h1:IGhd0qMDsUa9acVjsbsT7bu3ktadtGOHI79+idTew/M=
gopkg.in/guregu/null.v4 v4.0.0 h1:1Wm3S1WEA2I26Kq+6vcW+w0gcDo44YKYD7YIEJNHDjg=
gopkg.in/guregu/null.v4 v4.0.0/go.mod h1:YoQhUrADuG3i9WqesrCmpNRwm1ypAgSHYqoOcTu/JrI=
